
Microsoft Visual Studio Solution File, Format Version 12.00
# Visual Studio Version 17
VisualStudioVersion = 17.3.32825.248
MinimumVisualStudioVersion = 10.0.40219.1
Project("{8BC9CEB8-8B4A-11D0-8D11-00A0C91BC942}") = "HW4", "HW4.vcxproj", "{2CF77888-D1D2-45E8-B2E1-61F4C0180AB8}"
EndProject
Global
	GlobalSection(SolutionConfigurationPlatforms) = preSolution
		Debug|x64 = Debug|x64
		Debug|x86 = Debug|x86
		Release|x64 = Release|x64
		Release|x86 = Release|x86
	EndGlobalSection
	GlobalSection(ProjectConfigurationPlatforms) = postSolution
		{2CF77888-D1D2-45E8-B2E1-61F4C0180AB8}.Debug|x64.ActiveCfg = Debug|x64
		{2CF77888-D1D2-45E8-B2E1-61F4C0180AB8}.Debug|x64.Build.0 = Debug|x64
		{2CF77888-D1D2-45E8-B2E1-61F4C0180AB8}.Debug|x86.ActiveCfg = Debug|Win32
		{2CF77888-D1D2-45E8-B2E1-61F4C0180AB8}.Debug|x86.Build.0 = Debug|Win32
		{2CF77888-D1D2-45E8-B2E1-61F4C0180AB8}.Release|x64.ActiveCfg = Release|x64
		{2CF77888-D1D2-45E8-B2E1-61F4C0180AB8}.Release|x64.Build.0 = Release|x64
		{2CF77888-D1D2-45E8-B2E1-61F4C0180AB8}.Release|x86.ActiveCfg = Release|Win32
		{2CF77888-D1D2-45E8-B2E1-61F4C0180AB8}.Release|x86.Build.0 = Release|Win32
	EndGlobalSection
	GlobalSection(SolutionProperties) = preSolution
		HideSolutionNode = FALSE
	EndGlobalSection
	GlobalSection(ExtensibilityGlobals) = postSolution
		SolutionGuid = {1B649634-66AB-4E83-8903-DEDA9A2F7F3E}
	EndGlobalSection
EndGlobal
